
Microsoft Visual Studio Solution File, Format Version 12.00
# Visual Studio Version 16
VisualStudioVersion = 16.0.29001.49
MinimumVisualStudioVersion = 10.0.40219.1
Project("{FAE04EC0-301F-11D3-BF4B-00C04F79EFBC}") = "numbers", "numbers\numbers.csproj", "{1C2F7EF5-5B57-4582-A6A3-146B01566DC5}"
EndProject
Global
	GlobalSection(SolutionConfigurationPlatforms) = preSolution
		Debug|Any CPU = Debug|Any CPU
		Release|Any CPU = Release|Any CPU
	EndGlobalSection
	GlobalSection(ProjectConfigurationPlatforms) = postSolution
		{1C2F7EF5-5B57-4582-A6A3-146B01566DC5}.Debug|Any CPU.ActiveCfg = Debug|Any CPU
		{1C2F7EF5-5B57-4582-A6A3-146B01566DC5}.Debug|Any CPU.Build.0 = Debug|Any CPU
		{1C2F7EF5-5B57-4582-A6A3-146B01566DC5}.Release|Any CPU.ActiveCfg = Release|Any CPU
		{1C2F7EF5-5B57-4582-A6A3-146B01566DC5}.Release|Any CPU.Build.0 = Release|Any CPU
	EndGlobalSection
	GlobalSection(SolutionProperties) = preSolution
		HideSolutionNode = FALSE
	EndGlobalSection
	GlobalSection(ExtensibilityGlobals) = postSolution
		SolutionGuid = {73ACF036-BF90-433C-804E-A098912B9A76}
	EndGlobalSection
EndGlobal
